
Microsoft Visual Studio Solution File, Format Version 12.00
# Visual Studio 2012
Project("{8BC9CEB8-8B4A-11D0-8D11-00A0C91BC942}") = "libBox2D", "external\Box2D\proj.win32\Box2D.vcxproj", "{929480E7-23C0-4DF6-8456-096D71547116}"
EndProject
Project("{8BC9CEB8-8B4A-11D0-8D11-00A0C91BC942}") = "libCocosDenshion", "CocosDenshion\proj.win32\CocosDenshion.vcxproj", "{F8EDD7FA-9A51-4E80-BAEB-860825D2EAC6}"
EndProject
Project("{8BC9CEB8-8B4A-11D0-8D11-00A0C91BC942}") = "libcocos2d", "cocos2dx\proj.win32\cocos2d.vcxproj", "{98A51BA8-FC3A-415B-AC8F-8C7BD464E93E}"
EndProject
Project("{8BC9CEB8-8B4A-11D0-8D11-00A0C91BC942}") = "libExtensions", "extensions\proj.win32\libExtensions.vcxproj", "{21B2C324-891F-48EA-AD1A-5AE13DE12E28}"
EndProject
Project("{8BC9CEB8-8B4A-11D0-8D11-00A0C91BC942}") = "homura", "homura\homura.vcxproj", "{3DD4E071-55EB-40FF-A59F-1769D81C00D4}"
EndProject
Project("{8BC9CEB8-8B4A-11D0-8D11-00A0C91BC942}") = "homura_exe", "homura_exe\homura_exe.vcxproj", "{BD68E39C-6C1E-4A4C-82DA-628CA540C35D}"
EndProject
Project("{8BC9CEB8-8B4A-11D0-8D11-00A0C91BC942}") = "homura_test", "homura_test\homura_test.vcxproj", "{A4AFA9CE-A08B-4FD2-B298-5FD3D250D5A2}"
EndProject
Project("{8BC9CEB8-8B4A-11D0-8D11-00A0C91BC942}") = "sora", "sora\sora.vcxproj", "{174FDB9A-4F56-4658-8DAE-6667874FECC9}"
EndProject
Project("{8BC9CEB8-8B4A-11D0-8D11-00A0C91BC942}") = "sora_test", "sora_test\sora_test.vcxproj", "{C11540F6-3494-427E-AE7C-B86563917A07}"
EndProject
Global
	GlobalSection(SolutionConfigurationPlatforms) = preSolution
		Debug|Win32 = Debug|Win32
		Release|Win32 = Release|Win32
	EndGlobalSection
	GlobalSection(ProjectConfigurationPlatforms) = postSolution
		{929480E7-23C0-4DF6-8456-096D71547116}.Debug|Win32.ActiveCfg = Debug|Win32
		{929480E7-23C0-4DF6-8456-096D71547116}.Debug|Win32.Build.0 = Debug|Win32
		{929480E7-23C0-4DF6-8456-096D71547116}.Release|Win32.ActiveCfg = Release|Win32
		{929480E7-23C0-4DF6-8456-096D71547116}.Release|Win32.Build.0 = Release|Win32
		{F8EDD7FA-9A51-4E80-BAEB-860825D2EAC6}.Debug|Win32.ActiveCfg = Debug|Win32
		{F8EDD7FA-9A51-4E80-BAEB-860825D2EAC6}.Debug|Win32.Build.0 = Debug|Win32
		{F8EDD7FA-9A51-4E80-BAEB-860825D2EAC6}.Release|Win32.ActiveCfg = Release|Win32
		{F8EDD7FA-9A51-4E80-BAEB-860825D2EAC6}.Release|Win32.Build.0 = Release|Win32
		{98A51BA8-FC3A-415B-AC8F-8C7BD464E93E}.Debug|Win32.ActiveCfg = Debug|Win32
		{98A51BA8-FC3A-415B-AC8F-8C7BD464E93E}.Debug|Win32.Build.0 = Debug|Win32
		{98A51BA8-FC3A-415B-AC8F-8C7BD464E93E}.Release|Win32.ActiveCfg = Release|Win32
		{98A51BA8-FC3A-415B-AC8F-8C7BD464E93E}.Release|Win32.Build.0 = Release|Win32
		{21B2C324-891F-48EA-AD1A-5AE13DE12E28}.Debug|Win32.ActiveCfg = Debug|Win32
		{21B2C324-891F-48EA-AD1A-5AE13DE12E28}.Debug|Win32.Build.0 = Debug|Win32
		{21B2C324-891F-48EA-AD1A-5AE13DE12E28}.Release|Win32.ActiveCfg = Release|Win32
		{21B2C324-891F-48EA-AD1A-5AE13DE12E28}.Release|Win32.Build.0 = Release|Win32
		{3DD4E071-55EB-40FF-A59F-1769D81C00D4}.Debug|Win32.ActiveCfg = Debug|Win32
		{3DD4E071-55EB-40FF-A59F-1769D81C00D4}.Debug|Win32.Build.0 = Debug|Win32
		{3DD4E071-55EB-40FF-A59F-1769D81C00D4}.Release|Win32.ActiveCfg = Release|Win32
		{3DD4E071-55EB-40FF-A59F-1769D81C00D4}.Release|Win32.Build.0 = Release|Win32
		{BD68E39C-6C1E-4A4C-82DA-628CA540C35D}.Debug|Win32.ActiveCfg = Debug|Win32
		{BD68E39C-6C1E-4A4C-82DA-628CA540C35D}.Debug|Win32.Build.0 = Debug|Win32
		{BD68E39C-6C1E-4A4C-82DA-628CA540C35D}.Release|Win32.ActiveCfg = Release|Win32
		{BD68E39C-6C1E-4A4C-82DA-628CA540C35D}.Release|Win32.Build.0 = Release|Win32
		{A4AFA9CE-A08B-4FD2-B298-5FD3D250D5A2}.Debug|Win32.ActiveCfg = Debug|Win32
		{A4AFA9CE-A08B-4FD2-B298-5FD3D250D5A2}.Debug|Win32.Build.0 = Debug|Win32
		{A4AFA9CE-A08B-4FD2-B298-5FD3D250D5A2}.Release|Win32.ActiveCfg = Release|Win32
		{A4AFA9CE-A08B-4FD2-B298-5FD3D250D5A2}.Release|Win32.Build.0 = Release|Win32
		{174FDB9A-4F56-4658-8DAE-6667874FECC9}.Debug|Win32.ActiveCfg = Debug|Win32
		{174FDB9A-4F56-4658-8DAE-6667874FECC9}.Debug|Win32.Build.0 = Debug|Win32
		{174FDB9A-4F56-4658-8DAE-6667874FECC9}.Release|Win32.ActiveCfg = Release|Win32
		{174FDB9A-4F56-4658-8DAE-6667874FECC9}.Release|Win32.Build.0 = Release|Win32
		{C11540F6-3494-427E-AE7C-B86563917A07}.Debug|Win32.ActiveCfg = Debug|Win32
		{C11540F6-3494-427E-AE7C-B86563917A07}.Debug|Win32.Build.0 = Debug|Win32
		{C11540F6-3494-427E-AE7C-B86563917A07}.Release|Win32.ActiveCfg = Release|Win32
		{C11540F6-3494-427E-AE7C-B86563917A07}.Release|Win32.Build.0 = Release|Win32
	EndGlobalSection
	GlobalSection(SolutionProperties) = preSolution
		HideSolutionNode = FALSE
	EndGlobalSection
	GlobalSection(Performance) = preSolution
		HasPerformanceSessions = true
	EndGlobalSection
	GlobalSection(DPCodeReviewSolutionGUID) = preSolution
		DPCodeReviewSolutionGUID = {00000000-0000-0000-0000-000000000000}
	EndGlobalSection
	GlobalSection(DPCodeReviewSolutionGUID) = preSolution
		DPCodeReviewSolutionGUID = {00000000-0000-0000-0000-000000000000}
	EndGlobalSection
EndGlobal
