<?xml version="1.0" encoding="utf-8"?>
<Project ToolsVersion="4.0" xmlns="http://schemas.microsoft.com/developer/msbuild/2003">
  <ItemGroup>
    <ClCompile Include="stdafx.cpp">
      <Filter>support</Filter>
    </ClCompile>
    <ClCompile Include="logic_component.cpp">
      <Filter>logic_comp</Filter>
    </ClCompile>
    <ClCompile Include="game_world.cpp">
      <Filter>cbes</Filter>
    </ClCompile>
    <ClCompile Include="drawable_component.cpp">
      <Filter>drawable_comp</Filter>
    </ClCompile>
    <ClCompile Include="game_component.cpp">
      <Filter>cbes</Filter>
    </ClCompile>
    <ClCompile Include="game_console.cpp">
      <Filter>support</Filter>
    </ClCompile>
    <ClCompile Include="game_message.cpp">
      <Filter>cbes</Filter>
    </ClCompile>
    <ClCompile Include="game_object.cpp">
      <Filter>cbes</Filter>
    </ClCompile>
    <ClCompile Include="game_object_factory.cpp">
      <Filter>cbes</Filter>
    </ClCompile>
    <ClCompile Include="phy_component.cpp">
      <Filter>phy_comp</Filter>
    </ClCompile>
    <ClCompile Include="collision_tuple.cpp">
      <Filter>phy_comp</Filter>
    </ClCompile>
    <ClCompile Include="debug_config.cpp">
      <Filter>support</Filter>
    </ClCompile>
    <ClCompile Include="GLES-Render.cpp">
      <Filter>phy_comp</Filter>
    </ClCompile>
    <ClCompile Include="game_layer.cpp">
      <Filter>game_ui</Filter>
    </ClCompile>
    <ClCompile Include="main_menu_layer.cpp">
      <Filter>etc_ui</Filter>
    </ClCompile>
    <ClCompile Include="phy_world.cpp">
      <Filter>phy_comp</Filter>
    </ClCompile>
    <ClCompile Include="option_layer.cpp">
      <Filter>etc_ui</Filter>
    </ClCompile>
    <ClCompile Include="bullet_component.cpp">
      <Filter>logic_comp\bullet</Filter>
    </ClCompile>
    <ClCompile Include="character_component.cpp">
      <Filter>logic_comp\character</Filter>
    </ClCompile>
    <ClCompile Include="player_component.cpp">
      <Filter>logic_comp\player</Filter>
    </ClCompile>
    <ClCompile Include="game_stage.cpp">
      <Filter>stage</Filter>
    </ClCompile>
    <ClCompile Include="game_stage_factory.cpp">
      <Filter>stage</Filter>
    </ClCompile>
    <ClCompile Include="laser_plane_component.cpp">
      <Filter>logic_comp\character</Filter>
    </ClCompile>
    <ClCompile Include="combat_plane_component.cpp">
      <Filter>logic_comp\character</Filter>
    </ClCompile>
    <ClCompile Include="collision_handler.cpp">
      <Filter>phy_comp</Filter>
    </ClCompile>
    <ClCompile Include="game_action.cpp">
      <Filter>trigger</Filter>
    </ClCompile>
    <ClCompile Include="collision_manager.cpp">
      <Filter>phy_comp</Filter>
    </ClCompile>
    <ClCompile Include="game_condition.cpp">
      <Filter>trigger</Filter>
    </ClCompile>
    <ClCompile Include="game_trigger.cpp">
      <Filter>trigger</Filter>
    </ClCompile>
    <ClCompile Include="game_trigger_handler.cpp">
      <Filter>trigger</Filter>
    </ClCompile>
    <ClCompile Include="game_trigger_component.cpp">
      <Filter>logic_comp</Filter>
    </ClCompile>
    <ClCompile Include="shield_component.cpp">
      <Filter>logic_comp</Filter>
    </ClCompile>
    <ClCompile Include="formation_component.cpp">
      <Filter>logic_comp</Filter>
    </ClCompile>
    <ClCompile Include="chain_component.cpp">
      <Filter>logic_comp</Filter>
    </ClCompile>
    <ClCompile Include="ai_component.cpp">
      <Filter>ai_comp//common state</Filter>
    </ClCompile>
    <ClCompile Include="ally_ai_component.cpp">
      <Filter>ai_comp//common state</Filter>
    </ClCompile>
    <ClCompile Include="enemy_ai_component.cpp">
      <Filter>ai_comp//common state</Filter>
    </ClCompile>
    <ClCompile Include="guided_laser_plane_component.cpp">
      <Filter>logic_comp\character</Filter>
    </ClCompile>
    <ClCompile Include="player_data.cpp">
      <Filter>logic_comp\player</Filter>
    </ClCompile>
    <ClCompile Include="CCParallaxScrollNode.cpp">
      <Filter>stage</Filter>
    </ClCompile>
    <ClCompile Include="CCParallaxScrollOffset.cpp">
      <Filter>stage</Filter>
    </ClCompile>
    <ClCompile Include="laser_layer.cpp">
      <Filter>game_ui</Filter>
    </ClCompile>
    <ClCompile Include="game_info_layer.cpp">
      <Filter>game_ui</Filter>
    </ClCompile>
  </ItemGroup>
  <ItemGroup>
    <ClInclude Include="app_macros.h">
      <Filter>support</Filter>
    </ClInclude>
    <ClInclude Include="stdafx.h">
      <Filter>support</Filter>
    </ClInclude>
    <ClInclude Include="logic_component.h">
      <Filter>logic_comp</Filter>
    </ClInclude>
    <ClInclude Include="message_handler.h">
      <Filter>cbes</Filter>
    </ClInclude>
    <ClInclude Include="game_world.h">
      <Filter>cbes</Filter>
    </ClInclude>
    <ClInclude Include="game_globals.h">
      <Filter>support</Filter>
    </ClInclude>
    <ClInclude Include="drawable_component.h">
      <Filter>drawable_comp</Filter>
    </ClInclude>
    <ClInclude Include="game_component.h">
      <Filter>cbes</Filter>
    </ClInclude>
    <ClInclude Include="game_console.h">
      <Filter>support</Filter>
    </ClInclude>
    <ClInclude Include="game_message.h">
      <Filter>cbes</Filter>
    </ClInclude>
    <ClInclude Include="game_object.h">
      <Filter>cbes</Filter>
    </ClInclude>
    <ClInclude Include="game_object_factory.h">
      <Filter>cbes</Filter>
    </ClInclude>
    <ClInclude Include="phy_component.h">
      <Filter>phy_comp</Filter>
    </ClInclude>
    <ClInclude Include="collision_tuple.h">
      <Filter>phy_comp</Filter>
    </ClInclude>
    <ClInclude Include="debug_config.h">
      <Filter>support</Filter>
    </ClInclude>
    <ClInclude Include="GLES-Render.h">
      <Filter>phy_comp</Filter>
    </ClInclude>
    <ClInclude Include="game_layer.h">
      <Filter>game_ui</Filter>
    </ClInclude>
    <ClInclude Include="main_menu_layer.h">
      <Filter>etc_ui</Filter>
    </ClInclude>
    <ClInclude Include="phy_world.h">
      <Filter>phy_comp</Filter>
    </ClInclude>
    <ClInclude Include="option_layer.h">
      <Filter>etc_ui</Filter>
    </ClInclude>
    <ClInclude Include="bullet_component.h">
      <Filter>logic_comp\bullet</Filter>
    </ClInclude>
    <ClInclude Include="character_component.h">
      <Filter>logic_comp\character</Filter>
    </ClInclude>
    <ClInclude Include="player_component.h">
      <Filter>logic_comp\player</Filter>
    </ClInclude>
    <ClInclude Include="game_stage.h">
      <Filter>stage</Filter>
    </ClInclude>
    <ClInclude Include="game_stage_factory.h">
      <Filter>stage</Filter>
    </ClInclude>
    <ClInclude Include="laser_plane_component.h">
      <Filter>logic_comp\character</Filter>
    </ClInclude>
    <ClInclude Include="combat_plane_component.h">
      <Filter>logic_comp\character</Filter>
    </ClInclude>
    <ClInclude Include="collision_handler.h">
      <Filter>phy_comp</Filter>
    </ClInclude>
    <ClInclude Include="game_action.h">
      <Filter>trigger</Filter>
    </ClInclude>
    <ClInclude Include="collision_manager.h">
      <Filter>phy_comp</Filter>
    </ClInclude>
    <ClInclude Include="game_condition.h">
      <Filter>trigger</Filter>
    </ClInclude>
    <ClInclude Include="game_trigger.h">
      <Filter>trigger</Filter>
    </ClInclude>
    <ClInclude Include="game_trigger_handler.h">
      <Filter>trigger</Filter>
    </ClInclude>
    <ClInclude Include="game_trigger_component.h">
      <Filter>logic_comp</Filter>
    </ClInclude>
    <ClInclude Include="shield_component.h">
      <Filter>logic_comp</Filter>
    </ClInclude>
    <ClInclude Include="formation_component.h">
      <Filter>logic_comp</Filter>
    </ClInclude>
    <ClInclude Include="chain_component.h">
      <Filter>logic_comp</Filter>
    </ClInclude>
    <ClInclude Include="ai_component.h">
      <Filter>ai_comp//common state</Filter>
    </ClInclude>
    <ClInclude Include="ally_ai_component.h">
      <Filter>ai_comp//common state</Filter>
    </ClInclude>
    <ClInclude Include="enemy_ai_component.h">
      <Filter>ai_comp//common state</Filter>
    </ClInclude>
    <ClInclude Include="guided_laser_plane_component.h">
      <Filter>logic_comp\character</Filter>
    </ClInclude>
    <ClInclude Include="player_data.h">
      <Filter>logic_comp\player</Filter>
    </ClInclude>
    <ClInclude Include="CCParallaxScrollNode.h">
      <Filter>stage</Filter>
    </ClInclude>
    <ClInclude Include="CCParallaxScrollOffset.h">
      <Filter>stage</Filter>
    </ClInclude>
    <ClInclude Include="laser_layer.h">
      <Filter>game_ui</Filter>
    </ClInclude>
    <ClInclude Include="game_info_layer.h">
      <Filter>game_ui</Filter>
    </ClInclude>
  </ItemGroup>
  <ItemGroup>
    <Filter Include="cbes">
      <UniqueIdentifier>{6964070d-6720-48e5-853d-8b0629e517f5}</UniqueIdentifier>
    </Filter>
    <Filter Include="layer">
      <UniqueIdentifier>{687593e5-a9ed-472b-82db-7bc0d5b3d452}</UniqueIdentifier>
    </Filter>
    <Filter Include="support">
      <UniqueIdentifier>{61450228-621c-4947-a50f-67e71b91ddee}</UniqueIdentifier>
    </Filter>
    <Filter Include="drawable_comp">
      <UniqueIdentifier>{aa511223-ca36-4562-a3f5-706f68704618}</UniqueIdentifier>
    </Filter>
    <Filter Include="logic_comp">
      <UniqueIdentifier>{a33d1ba2-163b-4735-9786-f14cb4d0e350}</UniqueIdentifier>
    </Filter>
    <Filter Include="phy_comp">
      <UniqueIdentifier>{74308af6-7573-41a7-87f4-78a4a3dcff3f}</UniqueIdentifier>
    </Filter>
    <Filter Include="etc_ui">
      <UniqueIdentifier>{7a57b045-1dfe-4764-8666-ccfba97d5356}</UniqueIdentifier>
    </Filter>
    <Filter Include="game_ui">
      <UniqueIdentifier>{4d299d51-5881-40f9-ad85-f398dbcbe35e}</UniqueIdentifier>
    </Filter>
    <Filter Include="logic_comp\bullet">
      <UniqueIdentifier>{90fd481f-1c93-4090-882d-d5eac04e01a0}</UniqueIdentifier>
    </Filter>
    <Filter Include="logic_comp\character">
      <UniqueIdentifier>{ed756557-40aa-428a-a0ec-b9b3eb9f2d98}</UniqueIdentifier>
    </Filter>
    <Filter Include="logic_comp\player">
      <UniqueIdentifier>{cc487ca0-1239-4733-94b2-85f1ab5e49b4}</UniqueIdentifier>
    </Filter>
    <Filter Include="stage">
      <UniqueIdentifier>{0c3a7ae0-50a6-48ec-8b40-6f90f81209cd}</UniqueIdentifier>
    </Filter>
    <Filter Include="trigger">
      <UniqueIdentifier>{90cbdac0-1937-4fea-8f0a-5fc7600f0dab}</UniqueIdentifier>
    </Filter>
    <Filter Include="ai_comp//common state">
      <UniqueIdentifier>{402d0d76-8a79-4374-b688-1f862b912e64}</UniqueIdentifier>
    </Filter>
  </ItemGroup>
</Project>