<?xml version="1.0" encoding="utf-8"?>
<Project ToolsVersion="4.0" xmlns="http://schemas.microsoft.com/developer/msbuild/2003">
  <ItemGroup>
    <ClCompile Include="stdafx.cpp">
      <Filter>support</Filter>
    </ClCompile>
    <ClCompile Include="hello_world_scene.cpp">
      <Filter>layer</Filter>
    </ClCompile>
    <ClCompile Include="logic_component.cpp">
      <Filter>logic_comp</Filter>
    </ClCompile>
    <ClCompile Include="game_world.cpp">
      <Filter>cbes</Filter>
    </ClCompile>
    <ClCompile Include="drawable_component.cpp">
      <Filter>drawable_comp</Filter>
    </ClCompile>
    <ClCompile Include="game_component.cpp">
      <Filter>cbes</Filter>
    </ClCompile>
    <ClCompile Include="game_console.cpp">
      <Filter>support</Filter>
    </ClCompile>
    <ClCompile Include="game_message.cpp">
      <Filter>cbes</Filter>
    </ClCompile>
    <ClCompile Include="game_object.cpp">
      <Filter>cbes</Filter>
    </ClCompile>
    <ClCompile Include="game_object_factory.cpp">
      <Filter>cbes</Filter>
    </ClCompile>
    <ClCompile Include="phy_component.cpp">
      <Filter>phy_comp</Filter>
    </ClCompile>
    <ClCompile Include="collision_tuple.cpp">
      <Filter>phy_comp</Filter>
    </ClCompile>
    <ClCompile Include="debug_config.cpp">
      <Filter>support</Filter>
    </ClCompile>
    <ClCompile Include="GLES-Render.cpp">
      <Filter>phy_comp</Filter>
    </ClCompile>
    <ClCompile Include="main_menu_layer.cpp">
      <Filter>layer</Filter>
    </ClCompile>
  </ItemGroup>
  <ItemGroup>
    <ClInclude Include="app_macros.h">
      <Filter>support</Filter>
    </ClInclude>
    <ClInclude Include="stdafx.h">
      <Filter>support</Filter>
    </ClInclude>
    <ClInclude Include="hello_world_scene.h">
      <Filter>layer</Filter>
    </ClInclude>
    <ClInclude Include="logic_component.h">
      <Filter>logic_comp</Filter>
    </ClInclude>
    <ClInclude Include="message_handler.h">
      <Filter>cbes</Filter>
    </ClInclude>
    <ClInclude Include="game_world.h">
      <Filter>cbes</Filter>
    </ClInclude>
    <ClInclude Include="game_globals.h">
      <Filter>support</Filter>
    </ClInclude>
    <ClInclude Include="drawable_component.h">
      <Filter>drawable_comp</Filter>
    </ClInclude>
    <ClInclude Include="game_component.h">
      <Filter>cbes</Filter>
    </ClInclude>
    <ClInclude Include="game_console.h">
      <Filter>support</Filter>
    </ClInclude>
    <ClInclude Include="game_message.h">
      <Filter>cbes</Filter>
    </ClInclude>
    <ClInclude Include="game_object.h">
      <Filter>cbes</Filter>
    </ClInclude>
    <ClInclude Include="game_object_factory.h">
      <Filter>cbes</Filter>
    </ClInclude>
    <ClInclude Include="phy_component.h">
      <Filter>phy_comp</Filter>
    </ClInclude>
    <ClInclude Include="collision_tuple.h">
      <Filter>phy_comp</Filter>
    </ClInclude>
    <ClInclude Include="debug_config.h">
      <Filter>support</Filter>
    </ClInclude>
    <ClInclude Include="GLES-Render.h">
      <Filter>phy_comp</Filter>
    </ClInclude>
    <ClInclude Include="main_menu_layer.h">
      <Filter>layer</Filter>
    </ClInclude>
  </ItemGroup>
  <ItemGroup>
    <Filter Include="cbes">
      <UniqueIdentifier>{6964070d-6720-48e5-853d-8b0629e517f5}</UniqueIdentifier>
    </Filter>
    <Filter Include="layer">
      <UniqueIdentifier>{687593e5-a9ed-472b-82db-7bc0d5b3d452}</UniqueIdentifier>
    </Filter>
    <Filter Include="support">
      <UniqueIdentifier>{61450228-621c-4947-a50f-67e71b91ddee}</UniqueIdentifier>
    </Filter>
    <Filter Include="drawable_comp">
      <UniqueIdentifier>{aa511223-ca36-4562-a3f5-706f68704618}</UniqueIdentifier>
    </Filter>
    <Filter Include="logic_comp">
      <UniqueIdentifier>{a33d1ba2-163b-4735-9786-f14cb4d0e350}</UniqueIdentifier>
    </Filter>
    <Filter Include="phy_comp">
      <UniqueIdentifier>{74308af6-7573-41a7-87f4-78a4a3dcff3f}</UniqueIdentifier>
    </Filter>
    <Filter Include="etc_ui">
      <UniqueIdentifier>{7a57b045-1dfe-4764-8666-ccfba97d5356}</UniqueIdentifier>
    </Filter>
    <Filter Include="game_ui">
      <UniqueIdentifier>{4d299d51-5881-40f9-ad85-f398dbcbe35e}</UniqueIdentifier>
    </Filter>
  </ItemGroup>
</Project>